
Microsoft Visual Studio Solution File, Format Version 12.00
# Visual Studio 2013
VisualStudioVersion = 12.0.21005.1
MinimumVisualStudioVersion = 10.0.40219.1
Project("{FAE04EC0-301F-11D3-BF4B-00C04F79EFBC}") = "SendMail", "SendMail\SendMail.csproj", "{1D6EA283-4DB8-467E-9C96-4CA4B7FB8266}"
EndProject
Project("{FAE04EC0-301F-11D3-BF4B-00C04F79EFBC}") = "ReceiveMail", "ReceiveMail\ReceiveMail.csproj", "{4BF22E5D-B3C5-4761-B3E5-DEBFF9E4E642}"
EndProject
Global
	GlobalSection(SolutionConfigurationPlatforms) = preSolution
		Debug|Any CPU = Debug|Any CPU
		Release|Any CPU = Release|Any CPU
	EndGlobalSection
	GlobalSection(ProjectConfigurationPlatforms) = postSolution
		{1D6EA283-4DB8-467E-9C96-4CA4B7FB8266}.Debug|Any CPU.ActiveCfg = Debug|Any CPU
		{1D6EA283-4DB8-467E-9C96-4CA4B7FB8266}.Debug|Any CPU.Build.0 = Debug|Any CPU
		{1D6EA283-4DB8-467E-9C96-4CA4B7FB8266}.Release|Any CPU.ActiveCfg = Release|Any CPU
		{1D6EA283-4DB8-467E-9C96-4CA4B7FB8266}.Release|Any CPU.Build.0 = Release|Any CPU
		{4BF22E5D-B3C5-4761-B3E5-DEBFF9E4E642}.Debug|Any CPU.ActiveCfg = Debug|Any CPU
		{4BF22E5D-B3C5-4761-B3E5-DEBFF9E4E642}.Debug|Any CPU.Build.0 = Debug|Any CPU
		{4BF22E5D-B3C5-4761-B3E5-DEBFF9E4E642}.Release|Any CPU.ActiveCfg = Release|Any CPU
		{4BF22E5D-B3C5-4761-B3E5-DEBFF9E4E642}.Release|Any CPU.Build.0 = Release|Any CPU
	EndGlobalSection
	GlobalSection(SolutionProperties) = preSolution
		HideSolutionNode = FALSE
	EndGlobalSection
EndGlobal
